
Microsoft Visual Studio Solution File, Format Version 12.00
# Visual Studio 15
VisualStudioVersion = 15.0.28307.489
MinimumVisualStudioVersion = 10.0.40219.1
Project("{8BC9CEB8-8B4A-11D0-8D11-00A0C91BC942}") = "2019 STL 과제 [목금 2015180030 이동규]", "2019 STL 과제 [목금 2015180030 이동규]\2019 STL 과제 [목금 2015180030 이동규].vcxproj", "{F4563B56-83FC-4C3B-A8CF-1FCC59850537}"
EndProject
Global
	GlobalSection(SolutionConfigurationPlatforms) = preSolution
		Debug|x64 = Debug|x64
		Debug|x86 = Debug|x86
		Release|x64 = Release|x64
		Release|x86 = Release|x86
	EndGlobalSection
	GlobalSection(ProjectConfigurationPlatforms) = postSolution
		{F4563B56-83FC-4C3B-A8CF-1FCC59850537}.Debug|x64.ActiveCfg = Debug|x64
		{F4563B56-83FC-4C3B-A8CF-1FCC59850537}.Debug|x64.Build.0 = Debug|x64
		{F4563B56-83FC-4C3B-A8CF-1FCC59850537}.Debug|x86.ActiveCfg = Debug|Win32
		{F4563B56-83FC-4C3B-A8CF-1FCC59850537}.Debug|x86.Build.0 = Debug|Win32
		{F4563B56-83FC-4C3B-A8CF-1FCC59850537}.Release|x64.ActiveCfg = Release|x64
		{F4563B56-83FC-4C3B-A8CF-1FCC59850537}.Release|x64.Build.0 = Release|x64
		{F4563B56-83FC-4C3B-A8CF-1FCC59850537}.Release|x86.ActiveCfg = Release|Win32
		{F4563B56-83FC-4C3B-A8CF-1FCC59850537}.Release|x86.Build.0 = Release|Win32
	EndGlobalSection
	GlobalSection(SolutionProperties) = preSolution
		HideSolutionNode = FALSE
	EndGlobalSection
	GlobalSection(ExtensibilityGlobals) = postSolution
		SolutionGuid = {DBE33166-D327-42A0-AA84-0EE7C473BAA6}
	EndGlobalSection
EndGlobal
